github.com/gethugothemes/hugo-modules/pwa v0.0.0-20250702070945-cd8319c6b26e h1:2H9ZMpna5lgtEKjgOZfxB6yfcmcBArALMaZefS4sn00=
github.com/gethugothemes/hugo-modules/pwa v0.0.0-20250702070945-cd8319c6b26e/go.mod h1:TRv7iszdfo37O1PbBEE+S8X/enAdpRIxK5DGrp13Qbo=
github.com/gethugothemes/hugo-modules/search v0.0.0-20250702070945-cd8319c6b26e h1:hLKMUYvM/pvklGw1Z4p4EBduZ+skdPBnYx/LABO1D4E=
github.com/gethugothemes/hugo-modules/search v0.0.0-20250702070945-cd8319c6b26e/go.mod h1:tmDvLaZCM+QDvS/WLZXNjY1QTdWh7/68D2wIToECbyA=
